
Microsoft Visual Studio Solution File, Format Version 12.00
# Visual Studio Version 17
VisualStudioVersion = 17.11.35327.3
MinimumVisualStudioVersion = 10.0.40219.1
Project("{FAE04EC0-301F-11D3-BF4B-00C04F79EFBC}") = "ISNP001724_UNIDAD1_1", "ISNP001724_UNIDAD1_1\ISNP001724_UNIDAD1_1.csproj", "{758505E6-E2A1-4BE3-AA87-45F0C7AF650A}"
EndProject
Global
	GlobalSection(SolutionConfigurationPlatforms) = preSolution
		Debug|Any CPU = Debug|Any CPU
		Release|Any CPU = Release|Any CPU
	EndGlobalSection
	GlobalSection(ProjectConfigurationPlatforms) = postSolution
		{758505E6-E2A1-4BE3-AA87-45F0C7AF650A}.Debug|Any CPU.ActiveCfg = Debug|Any CPU
		{758505E6-E2A1-4BE3-AA87-45F0C7AF650A}.Debug|Any CPU.Build.0 = Debug|Any CPU
		{758505E6-E2A1-4BE3-AA87-45F0C7AF650A}.Release|Any CPU.ActiveCfg = Release|Any CPU
		{758505E6-E2A1-4BE3-AA87-45F0C7AF650A}.Release|Any CPU.Build.0 = Release|Any CPU
	EndGlobalSection
	GlobalSection(SolutionProperties) = preSolution
		HideSolutionNode = FALSE
	EndGlobalSection
	GlobalSection(ExtensibilityGlobals) = postSolution
		SolutionGuid = {C6785BDC-556F-445D-94A0-B239794DA7D0}
	EndGlobalSection
EndGlobal
